{
  "version": 4,
  "terraform_version": "1.15.5",
  "serial": 58,
  "lineage": "036bdaba-20c8-b74c-b9cc-ff35e3e57ff1",
  "outputs": {},
  "resources": [
    {
      "mode": "managed",
      "type": "aws_vpc",
      "name": "main",
      "provider": "provider[\"registry.terraform.io/hashicorp/aws\"]",
      "instances": [
        {
          "schema_version": 1,
          "attributes": {
            "arn": "arn:aws:ec2:eu-west-3:577133973072:vpc/vpc-09ad7826d2823a2f0",
            "assign_generated_ipv6_cidr_block": false,
            "cidr_block": "10.0.0.0/16",
            "default_network_acl_id": "acl-06bb8999a313ff561",
            "default_route_table_id": "rtb-0baccdff6d5bf111d",
            "default_security_group_id": "sg-08b268887d92180c8",
            "dhcp_options_id": "dopt-01e56ed2f2cffc708",
            "enable_dns_hostnames": true,
            "enable_dns_support": true,
            "enable_network_address_usage_metrics": false,
            "id": "vpc-09ad7826d2823a2f0",
            "instance_tenancy": "default",
            "ipv4_ipam_pool_id": null,
            "ipv4_netmask_length": null,
            "ipv6_association_id": "",
            "ipv6_cidr_block": "",
            "ipv6_cidr_block_network_border_group": "",
            "ipv6_ipam_pool_id": "",
            "ipv6_netmask_length": 0,
            "main_route_table_id": "rtb-0baccdff6d5bf111d",
            "owner_id": "577133973072",
            "tags": {
              "Name": "prism-vpc",
              "Project": "prism"
            },
            "tags_all": {
              "Name": "prism-vpc",
              "Project": "prism"
            }
          },
          "sensitive_attributes": [],
          "identity_schema_version": 0,
          "private": "eyJzY2hlbWFfdmVyc2lvbiI6IjEifQ=="
        }
      ]
    }
  ],
  "check_results": null
}
